// !$*UTF8*$!
{
	archiveVersion = 1;
	classes = {
	};
	objectVersion = 46;
	objects = {

/* Begin PBXBuildFile section */
		5B1150871BBE9476008E31C1 /* AppDelegate.swift in Sources */ = {isa = PBXBuildFile; fileRef = 5B1150861BBE9476008E31C1 /* AppDelegate.swift */; };
		5B1150891BBE9476008E31C1 /* ViewController.swift in Sources */ = {isa = PBXBuildFile; fileRef = 5B1150881BBE9476008E31C1 /* ViewController.swift */; };
		5B11508C1BBE9476008E31C1 /* Main.storyboard in Resources */ = {isa = PBXBuildFile; fileRef = 5B11508A1BBE9476008E31C1 /* Main.storyboard */; };
		5B11508F1BBE9476008E31C1 /* Test.xcdatamodeld in Sources */ = {isa = PBXBuildFile; fileRef = 5B11508D1BBE9476008E31C1 /* Test.xcdatamodeld */; };
		5B1150911BBE9476008E31C1 /* Assets.xcassets in Resources */ = {isa = PBXBuildFile; fileRef = 5B1150901BBE9476008E31C1 /* Assets.xcassets */; };
		5B1150941BBE9476008E31C1 /* LaunchScreen.storyboard in Resources */ = {isa = PBXBuildFile; fileRef = 5B1150921BBE9476008E31C1 /* LaunchScreen.storyboard */; };
		5B11509F1BBE9477008E31C1 /* TestTests.swift in Sources */ = {isa = PBXBuildFile; fileRef = 5B11509E1BBE9477008E31C1 /* TestTests.swift */; };
		5B1150AA1BBE9477008E31C1 /* TestUITests.swift in Sources */ = {isa = PBXBuildFile; fileRef = 5B1150A91BBE9477008E31C1 /* TestUITests.swift */; };
/* End PBXBuildFile section */

/* Begin PBXContainerItemProxy section */
		5B11509B1BBE9477008E31C1 /* PBXContainerItemProxy */ = {
			isa = PBXContainerItemProxy;
			containerPortal = 5B11507B1BBE9476008E31C1 /* Project object */;
			proxyType = 1;
			remoteGlobalIDString = 5B1150821BBE9476008E31C1;
			remoteInfo = Test;
		};
		5B1150A61BBE9477008E31C1 /* PBXContainerItemProxy */ = {
			isa = PBXContainerItemProxy;
			containerPortal = 5B11507B1BBE9476008E31C1 /* Project object */;
			proxyType = 1;
			remoteGlobalIDString = 5B1150821BBE9476008E31C1;
			remoteInfo = Test;
		};
/* End PBXContainerItemProxy section */

/* Begin PBXFileReference section */
		5B1150831BBE9476008E31C1 /* Test.app */ = {isa = PBXFileReference; explicitFileType = wrapper.application; includeInIndex = 0; path = Test.app; sourceTree = BUILT_PRODUCTS_DIR; };
		5B1150861BBE9476008E31C1 /* AppDelegate.swift */ = {isa = PBXFileReference; lastKnownFileType = sourcecode.swift; path = AppDelegate.swift; sourceTree = "<group>"; };
		5B1150881BBE9476008E31C1 /* ViewController.swift */ = {isa = PBXFileReference; lastKnownFileType = sourcecode.swift; path = ViewController.swift; sourceTree = "<group>"; };
		5B11508B1BBE9476008E31C1 /* Base */ = {isa = PBXFileReference; lastKnownFileType = file.storyboard; name = Base; path = Base.lproj/Main.storyboard; sourceTree = "<group>"; };
		5B11508E1BBE9476008E31C1 /* Test.xcdatamodel */ = {isa = PBXFileReference; lastKnownFileType = wrapper.xcdatamodel; path = Test.xcdatamodel; sourceTree = "<group>"; };
		5B1150901BBE9476008E31C1 /* Assets.xcassets */ = {isa = PBXFileReference; lastKnownFileType = folder.assetcatalog; path = Assets.xcassets; sourceTree = "<group>"; };
		5B1150931BBE9476008E31C1 /* Base */ = {isa = PBXFileReference; lastKnownFileType = file.storyboard; name = Base; path = Base.lproj/LaunchScreen.storyboard; sourceTree = "<group>"; };
		5B1150951BBE9476008E31C1 /* Info.plist */ = {isa = PBXFileReference; lastKnownFileType = text.plist.xml; path = Info.plist; sourceTree = "<group>"; };
		5B11509A1BBE9477008E31C1 /* TestTests.xctest */ = {isa = PBXFileReference; explicitFileType = wrapper.cfbundle; includeInIndex = 0; path = TestTests.xctest; sourceTree = BUILT_PRODUCTS_DIR; };
		5B11509E1BBE9477008E31C1 /* TestTests.swift */ = {isa = PBXFileReference; lastKnownFileType = sourcecode.swift; path = TestTests.swift; sourceTree = "<group>"; };
		5B1150A01BBE9477008E31C1 /* Info.plist */ = {isa = PBXFileReference; lastKnownFileType = text.plist.xml; path = Info.plist; sourceTree = "<group>"; };
		5B1150A51BBE9477008E31C1 /* TestUITests.xctest */ = {isa = PBXFileReference; explicitFileType = wrapper.cfbundle; includeInIndex = 0; path = TestUITests.xctest; sourceTree = BUILT_PRODUCTS_DIR; };
		5B1150A91BBE9477008E31C1 /* TestUITests.swift */ = {isa = PBXFileReference; lastKnownFileType = sourcecode.swift; path = TestUITests.swift; sourceTree = "<group>"; };
		5B1150AB1BBE9477008E31C1 /* Info.plist */ = {isa = PBXFileReference; lastKnownFileType = text.plist.xml; path = Info.plist; sourceTree = "<group>"; };
/* End PBXFileReference section */

/* Begin PBXFrameworksBuildPhase section */
		5B1150801BBE9476008E31C1 /* Frameworks */ = {
			isa = PBXFrameworksBuildPhase;
			buildActionMask = 2147483647;
			files = (
			);
			runOnlyForDeploymentPostprocessing = 0;
		};
		5B1150971BBE9477008E31C1 /* Frameworks */ = {
			isa = PBXFrameworksBuildPhase;
			buildActionMask = 2147483647;
			files = (
			);
			runOnlyForDeploymentPostprocessing = 0;
		};
		5B1150A21BBE9477008E31C1 /* Frameworks */ = {
			isa = PBXFrameworksBuildPhase;
			buildActionMask = 2147483647;
			files = (
			);
			runOnlyForDeploymentPostprocessing = 0;
		};
/* End PBXFrameworksBuildPhase section */

/* Begin PBXGroup section */
		5B11507A1BBE9476008E31C1 = {
			isa = PBXGroup;
			children = (
				5B1150851BBE9476008E31C1 /* Test */,
				5B11509D1BBE9477008E31C1 /* TestTests */,
				5B1150A81BBE9477008E31C1 /* TestUITests */,
				5B1150841BBE9476008E31C1 /* Products */,
			);
			sourceTree = "<group>";
		};
		5B1150841BBE9476008E31C1 /* Products */ = {
			isa = PBXGroup;
			children = (
				5B1150831BBE9476008E31C1 /* Test.app */,
				5B11509A1BBE9477008E31C1 /* TestTests.xctest */,
				5B1150A51BBE9477008E31C1 /* TestUITests.xctest */,
			);
			name = Products;
			sourceTree = "<group>";
		};
		5B1150851BBE9476008E31C1 /* Test */ = {
			isa = PBXGroup;
			children = (
				5B1150861BBE9476008E31C1 /* AppDelegate.swift */,
				5B1150881BBE9476008E31C1 /* ViewController.swift */,
				5B11508A1BBE9476008E31C1 /* Main.storyboard */,
				5B1150901BBE9476008E31C1 /* Assets.xcassets */,
				5B1150921BBE9476008E31C1 /* LaunchScreen.storyboard */,
				5B1150951BBE9476008E31C1 /* Info.plist */,
				5B11508D1BBE9476008E31C1 /* Test.xcdatamodeld */,
			);
			path = Test;
			sourceTree = "<group>";
		};
		5B11509D1BBE9477008E31C1 /* TestTests */ = {
			isa = PBXGroup;
			children = (
				5B11509E1BBE9477008E31C1 /* TestTests.swift */,
				5B1150A01BBE9477008E31C1 /* Info.plist */,
			);
			path = TestTests;
			sourceTree = "<group>";
		};
		5B1150A81BBE9477008E31C1 /* TestUITests */ = {
			isa = PBXGroup;
			children = (
				5B1150A91BBE9477008E31C1 /* TestUITests.swift */,
				5B1150AB1BBE9477008E31C1 /* Info.plist */,
			);
			path = TestUITests;
			sourceTree = "<group>";
		};
/* End PBXGroup section */

/* Begin PBXNativeTarget section */
		5B1150821BBE9476008E31C1 /* Test */ = {
			isa = PBXNativeTarget;
			buildConfigurationList = 5B1150AE1BBE9477008E31C1 /* Build configuration list for PBXNativeTarget "Test" */;
			buildPhases = (
				5B11507F1BBE9476008E31C1 /* Sources */,
				5B1150801BBE9476008E31C1 /* Frameworks */,
				5B1150811BBE9476008E31C1 /* Resources */,
			);
			buildRules = (
			);
			dependencies = (
			);
			name = Test;
			productName = Test;
			productReference = 5B1150831BBE9476008E31C1 /* Test.app */;
			productType = "com.apple.product-type.application";
		};
		5B1150991BBE9477008E31C1 /* TestTests */ = {
			isa = PBXNativeTarget;
			buildConfigurationList = 5B1150B11BBE9477008E31C1 /* Build configuration list for PBXNativeTarget "TestTests" */;
			buildPhases = (
				5B1150961BBE9477008E31C1 /* Sources */,
				5B1150971BBE9477008E31C1 /* Frameworks */,
				5B1150981BBE9477008E31C1 /* Resources */,
			);
			buildRules = (
			);
			dependencies = (
				5B11509C1BBE9477008E31C1 /* PBXTargetDependency */,
			);
			name = TestTests;
			productName = TestTests;
			productReference = 5B11509A1BBE9477008E31C1 /* TestTests.xctest */;
			productType = "com.apple.product-type.bundle.unit-test";
		};
		5B1150A41BBE9477008E31C1 /* TestUITests */ = {
			isa = PBXNativeTarget;
			buildConfigurationList = 5B1150B41BBE9477008E31C1 /* Build configuration list for PBXNativeTarget "TestUITests" */;
			buildPhases = (
				5B1150A11BBE9477008E31C1 /* Sources */,
				5B1150A21BBE9477008E31C1 /* Frameworks */,
				5B1150A31BBE9477008E31C1 /* Resources */,
			);
			buildRules = (
			);
			dependencies = (
				5B1150A71BBE9477008E31C1 /* PBXTargetDependency */,
			);
			name = TestUITests;
			productName = TestUITests;
			productReference = 5B1150A51BBE9477008E31C1 /* TestUITests.xctest */;
			productType = "com.apple.product-type.bundle.ui-testing";
		};
/* End PBXNativeTarget section */

/* Begin PBXProject section */
		5B11507B1BBE9476008E31C1 /* Project object */ = {
			isa = PBXProject;
			attributes = {
				LastUpgradeCheck = 0700;
				ORGANIZATIONNAME = "Grant Fellows";
				TargetAttributes = {
					5B1150821BBE9476008E31C1 = {
						CreatedOnToolsVersion = 7.0.1;
					};
					5B1150991BBE9477008E31C1 = {
						CreatedOnToolsVersion = 7.0.1;
						TestTargetID = 5B1150821BBE9476008E31C1;
					};
					5B1150A41BBE9477008E31C1 = {
						CreatedOnToolsVersion = 7.0.1;
						TestTargetID = 5B1150821BBE9476008E31C1;
					};
				};
			};
			buildConfigurationList = 5B11507E1BBE9476008E31C1 /* Build configuration list for PBXProject "Test" */;
			compatibilityVersion = "Xcode 3.2";
			developmentRegion = English;
			hasScannedForEncodings = 0;
			knownRegions = (
				en,
				Base,
			);
			mainGroup = 5B11507A1BBE9476008E31C1;
			productRefGroup = 5B1150841BBE9476008E31C1 /* Products */;
			projectDirPath = "";
			projectRoot = "";
			targets = (
				5B1150821BBE9476008E31C1 /* Test */,
				5B1150991BBE9477008E31C1 /* TestTests */,
				5B1150A41BBE9477008E31C1 /* TestUITests */,
			);
		};
/* End PBXProject section */

/* Begin PBXResourcesBuildPhase section */
		5B1150811BBE9476008E31C1 /* Resources */ = {
			isa = PBXResourcesBuildPhase;
			buildActionMask = 2147483647;
			files = (
				5B1150941BBE9476008E31C1 /* LaunchScreen.storyboard in Resources */,
				5B1150911BBE9476008E31C1 /* Assets.xcassets in Resources */,
				5B11508C1BBE9476008E31C1 /* Main.storyboard in Resources */,
			);
			runOnlyForDeploymentPostprocessing = 0;
		};
		5B1150981BBE9477008E31C1 /* Resources */ = {
			isa = PBXResourcesBuildPhase;
			buildActionMask = 2147483647;
			files = (
			);
			runOnlyForDeploymentPostprocessing = 0;
		};
		5B1150A31BBE9477008E31C1 /* Resources */ = {
			isa = PBXResourcesBuildPhase;
			buildActionMask = 2147483647;
			files = (
			);
			runOnlyForDeploymentPostprocessing = 0;
		};
/* End PBXResourcesBuildPhase section */

/* Begin PBXSourcesBuildPhase section */
		5B11507F1BBE9476008E31C1 /* Sources */ = {
			isa = PBXSourcesBuildPhase;
			buildActionMask = 2147483647;
			files = (
				5B1150891BBE9476008E31C1 /* ViewController.swift in Sources */,
				5B1150871BBE9476008E31C1 /* AppDelegate.swift in Sources */,
				5B11508F1BBE9476008E31C1 /* Test.xcdatamodeld in Sources */,
			);
			runOnlyForDeploymentPostprocessing = 0;
		};
		5B1150961BBE9477008E31C1 /* Sources */ = {
			isa = PBXSourcesBuildPhase;
			buildActionMask = 2147483647;
			files = (
				5B11509F1BBE9477008E31C1 /* TestTests.swift in Sources */,
			);
			runOnlyForDeploymentPostprocessing = 0;
		};
		5B1150A11BBE9477008E31C1 /* Sources */ = {
			isa = PBXSourcesBuildPhase;
			buildActionMask = 2147483647;
			files = (
				5B1150AA1BBE9477008E31C1 /* TestUITests.swift in Sources */,
			);
			runOnlyForDeploymentPostprocessing = 0;
		};
/* End PBXSourcesBuildPhase section */

/* Begin PBXTargetDependency section */
		5B11509C1BBE9477008E31C1 /* PBXTargetDependency */ = {
			isa = PBXTargetDependency;
			target = 5B1150821BBE9476008E31C1 /* Test */;
			targetProxy = 5B11509B1BBE9477008E31C1 /* PBXContainerItemProxy */;
		};
		5B1150A71BBE9477008E31C1 /* PBXTargetDependency */ = {
			isa = PBXTargetDependency;
			target = 5B1150821BBE9476008E31C1 /* Test */;
			targetProxy = 5B1150A61BBE9477008E31C1 /* PBXContainerItemProxy */;
		};
/* End PBXTargetDependency section */

/* Begin PBXVariantGroup section */
		5B11508A1BBE9476008E31C1 /* Main.storyboard */ = {
			isa = PBXVariantGroup;
			children = (
				5B11508B1BBE9476008E31C1 /* Base */,
			);
			name = Main.storyboard;
			sourceTree = "<group>";
		};
		5B1150921BBE9476008E31C1 /* LaunchScreen.storyboard */ = {
			isa = PBXVariantGroup;
			children = (
				5B1150931BBE9476008E31C1 /* Base */,
			);
			name = LaunchScreen.storyboard;
			sourceTree = "<group>";
		};
/* End PBXVariantGroup section */

/* Begin XCBuildConfiguration section */
		5B1150AC1BBE9477008E31C1 /* Debug */ = {
			isa = XCBuildConfiguration;
			buildSettings = {
				ALWAYS_SEARCH_USER_PATHS = NO;
				CLANG_CXX_LANGUAGE_STANDARD = "gnu++0x";
				CLANG_CXX_LIBRARY = "libc++";
				CLANG_ENABLE_MODULES = YES;
				CLANG_ENABLE_OBJC_ARC = YES;
				CLANG_WARN_BOOL_CONVERSION = YES;
				CLANG_WARN_CONSTANT_CONVERSION = YES;
				CLANG_WARN_DIRECT_OBJC_ISA_USAGE = YES_ERROR;
				CLANG_WARN_EMPTY_BODY = YES;
				CLANG_WARN_ENUM_CONVERSION = YES;
				CLANG_WARN_INT_CONVERSION = YES;
				CLANG_WARN_OBJC_ROOT_CLASS = YES_ERROR;
				CLANG_WARN_UNREACHABLE_CODE = YES;
				CLANG_WARN__DUPLICATE_METHOD_MATCH = YES;
				"CODE_SIGN_IDENTITY[sdk=iphoneos*]" = "iPhone Developer";
				COPY_PHASE_STRIP = NO;
				DEBUG_INFORMATION_FORMAT = dwarf;
				ENABLE_STRICT_OBJC_MSGSEND = YES;
				ENABLE_TESTABILITY = YES;
				GCC_C_LANGUAGE_STANDARD = gnu99;
				GCC_DYNAMIC_NO_PIC = NO;
				GCC_NO_COMMON_BLOCKS = YES;
				GCC_OPTIMIZATION_LEVEL = 0;
				GCC_PREPROCESSOR_DEFINITIONS = (
					"DEBUG=1",
					"$(inherited)",
				);
				GCC_WARN_64_TO_32_BIT_CONVERSION = YES;
				GCC_WARN_ABOUT_RETURN_TYPE = YES_ERROR;
				GCC_WARN_UNDECLARED_SELECTOR = YES;
				GCC_WARN_UNINITIALIZED_AUTOS = YES_AGGRESSIVE;
				GCC_WARN_UNUSED_FUNCTION = YES;
				GCC_WARN_UNUSED_VARIABLE = YES;
				IPHONEOS_DEPLOYMENT_TARGET = 9.0;
				MTL_ENABLE_DEBUG_INFO = YES;
				ONLY_ACTIVE_ARCH = YES;
				SDKROOT = iphoneos;
				SWIFT_OPTIMIZATION_LEVEL = "-Onone";
				TARGETED_DEVICE_FAMILY = "1,2";
			};
			name = Debug;
		};
		5B1150AD1BBE9477008E31C1 /* Release */ = {
			isa = XCBuildConfiguration;
			buildSettings = {
				ALWAYS_SEARCH_USER_PATHS = NO;
				CLANG_CXX_LANGUAGE_STANDARD = "gnu++0x";
				CLANG_CXX_LIBRARY = "libc++";
				CLANG_ENABLE_MODULES = YES;
				CLANG_ENABLE_OBJC_ARC = YES;
				CLANG_WARN_BOOL_CONVERSION = YES;
				CLANG_WARN_CONSTANT_CONVERSION = YES;
				CLANG_WARN_DIRECT_OBJC_ISA_USAGE = YES_ERROR;
				CLANG_WARN_EMPTY_BODY = YES;
				CLANG_WARN_ENUM_CONVERSION = YES;
				CLANG_WARN_INT_CONVERSION = YES;
				CLANG_WARN_OBJC_ROOT_CLASS = YES_ERROR;
				CLANG_WARN_UNREACHABLE_CODE = YES;
				CLANG_WARN__DUPLICATE_METHOD_MATCH = YES;
				"CODE_SIGN_IDENTITY[sdk=iphoneos*]" = "iPhone Developer";
				COPY_PHASE_STRIP = NO;
				DEBUG_INFORMATION_FORMAT = "dwarf-with-dsym";
				ENABLE_NS_ASSERTIONS = NO;
				ENABLE_STRICT_OBJC_MSGSEND = YES;
				GCC_C_LANGUAGE_STANDARD = gnu99;
				GCC_NO_COMMON_BLOCKS = YES;
				GCC_WARN_64_TO_32_BIT_CONVERSION = YES;
				GCC_WARN_ABOUT_RETURN_TYPE = YES_ERROR;
				GCC_WARN_UNDECLARED_SELECTOR = YES;
				GCC_WARN_UNINITIALIZED_AUTOS = YES_AGGRESSIVE;
				GCC_WARN_UNUSED_FUNCTION = YES;
				GCC_WARN_UNUSED_VARIABLE = YES;
				IPHONEOS_DEPLOYMENT_TARGET = 9.0;
				MTL_ENABLE_DEBUG_INFO = NO;
				SDKROOT = iphoneos;
				TARGETED_DEVICE_FAMILY = "1,2";
				VALIDATE_PRODUCT = YES;
			};
			name = Release;
		};
		5B1150AF1BBE9477008E31C1 /* Debug */ = {
			isa = XCBuildConfiguration;
			buildSettings = {
				ASSETCATALOG_COMPILER_APPICON_NAME = AppIcon;
				INFOPLIST_FILE = Test/Info.plist;
				IPHONEOS_DEPLOYMENT_TARGET = 9.0;
				LD_RUNPATH_SEARCH_PATHS = "$(inherited) @executable_path/Frameworks";
				PRODUCT_BUNDLE_IDENTIFIER = com.test.Test;
				PRODUCT_NAME = "$(TARGET_NAME)";
				TARGETED_DEVICE_FAMILY = "1,2";
			};
			name = Debug;
		};
		5B1150B01BBE9477008E31C1 /* Release */ = {
			isa = XCBuildConfiguration;
			buildSettings = {
				ASSETCATALOG_COMPILER_APPICON_NAME = AppIcon;
				INFOPLIST_FILE = Test/Info.plist;
				IPHONEOS_DEPLOYMENT_TARGET = 9.0;
				LD_RUNPATH_SEARCH_PATHS = "$(inherited) @executable_path/Frameworks";
				PRODUCT_BUNDLE_IDENTIFIER = com.test.Test;
				PRODUCT_NAME = "$(TARGET_NAME)";
				TARGETED_DEVICE_FAMILY = "1,2";
			};
			name = Release;
		};
		5B1150B21BBE9477008E31C1 /* Debug */ = {
			isa = XCBuildConfiguration;
			buildSettings = {
				BUNDLE_LOADER = "$(TEST_HOST)";
				INFOPLIST_FILE = TestTests/Info.plist;
				LD_RUNPATH_SEARCH_PATHS = "$(inherited) @executable_path/Frameworks @loader_path/Frameworks";
				PRODUCT_BUNDLE_IDENTIFIER = com.test.TestTests;
				PRODUCT_NAME = "$(TARGET_NAME)";
				TEST_HOST = "$(BUILT_PRODUCTS_DIR)/Test.app/Test";
			};
			name = Debug;
		};
		5B1150B31BBE9477008E31C1 /* Release */ = {
			isa = XCBuildConfiguration;
			buildSettings = {
				BUNDLE_LOADER = "$(TEST_HOST)";
				INFOPLIST_FILE = TestTests/Info.plist;
				LD_RUNPATH_SEARCH_PATHS = "$(inherited) @executable_path/Frameworks @loader_path/Frameworks";
				PRODUCT_BUNDLE_IDENTIFIER = com.test.TestTests;
				PRODUCT_NAME = "$(TARGET_NAME)";
				TEST_HOST = "$(BUILT_PRODUCTS_DIR)/Test.app/Test";
			};
			name = Release;
		};
		5B1150B51BBE9477008E31C1 /* Debug */ = {
			isa = XCBuildConfiguration;
			buildSettings = {
				INFOPLIST_FILE = TestUITests/Info.plist;
				LD_RUNPATH_SEARCH_PATHS = "$(inherited) @executable_path/Frameworks @loader_path/Frameworks";
				PRODUCT_BUNDLE_IDENTIFIER = com.test.TestUITests;
				PRODUCT_NAME = "$(TARGET_NAME)";
				TEST_TARGET_NAME = Test;
				USES_XCTRUNNER = YES;
			};
			name = Debug;
		};
		5B1150B61BBE9477008E31C1 /* Release */ = {
			isa = XCBuildConfiguration;
			buildSettings = {
				INFOPLIST_FILE = TestUITests/Info.plist;
				LD_RUNPATH_SEARCH_PATHS = "$(inherited) @executable_path/Frameworks @loader_path/Frameworks";
				PRODUCT_BUNDLE_IDENTIFIER = com.test.TestUITests;
				PRODUCT_NAME = "$(TARGET_NAME)";
				TEST_TARGET_NAME = Test;
				USES_XCTRUNNER = YES;
			};
			name = Release;
		};
/* End XCBuildConfiguration section */

/* Begin XCConfigurationList section */
		5B11507E1BBE9476008E31C1 /* Build configuration list for PBXProject "Test" */ = {
			isa = XCConfigurationList;
			buildConfigurations = (
				5B1150AC1BBE9477008E31C1 /* Debug */,
				5B1150AD1BBE9477008E31C1 /* Release */,
			);
			defaultConfigurationIsVisible = 0;
			defaultConfigurationName = Release;
		};
		5B1150AE1BBE9477008E31C1 /* Build configuration list for PBXNativeTarget "Test" */ = {
			isa = XCConfigurationList;
			buildConfigurations = (
				5B1150AF1BBE9477008E31C1 /* Debug */,
				5B1150B01BBE9477008E31C1 /* Release */,
			);
			defaultConfigurationIsVisible = 0;
		};
		5B1150B11BBE9477008E31C1 /* Build configuration list for PBXNativeTarget "TestTests" */ = {
			isa = XCConfigurationList;
			buildConfigurations = (
				5B1150B21BBE9477008E31C1 /* Debug */,
				5B1150B31BBE9477008E31C1 /* Release */,
			);
			defaultConfigurationIsVisible = 0;
		};
		5B1150B41BBE9477008E31C1 /* Build configuration list for PBXNativeTarget "TestUITests" */ = {
			isa = XCConfigurationList;
			buildConfigurations = (
				5B1150B51BBE9477008E31C1 /* Debug */,
				5B1150B61BBE9477008E31C1 /* Release */,
			);
			defaultConfigurationIsVisible = 0;
		};
/* End XCConfigurationList section */

/* Begin XCVersionGroup section */
		5B11508D1BBE9476008E31C1 /* Test.xcdatamodeld */ = {
			isa = XCVersionGroup;
			children = (
				5B11508E1BBE9476008E31C1 /* Test.xcdatamodel */,
			);
			currentVersion = 5B11508E1BBE9476008E31C1 /* Test.xcdatamodel */;
			path = Test.xcdatamodeld;
			sourceTree = "<group>";
			versionGroupType = wrapper.xcdatamodel;
		};
/* End XCVersionGroup section */
	};
	rootObject = 5B11507B1BBE9476008E31C1 /* Project object */;
}
